
Microsoft Visual Studio Solution File, Format Version 12.00
# Visual Studio Version 16
VisualStudioVersion = 16.0.29911.84
MinimumVisualStudioVersion = 10.0.40219.1
Project("{FAE04EC0-301F-11D3-BF4B-00C04F79EFBC}") = "Random Password Generator", "Random Password Generator\Random Password Generator.csproj", "{E6E7307A-774A-410A-9A09-2643B2BBF42F}"
EndProject
Global
	GlobalSection(SolutionConfigurationPlatforms) = preSolution
		Debug|Any CPU = Debug|Any CPU
		Release|Any CPU = Release|Any CPU
	EndGlobalSection
	GlobalSection(ProjectConfigurationPlatforms) = postSolution
		{E6E7307A-774A-410A-9A09-2643B2BBF42F}.Debug|Any CPU.ActiveCfg = Debug|Any CPU
		{E6E7307A-774A-410A-9A09-2643B2BBF42F}.Debug|Any CPU.Build.0 = Debug|Any CPU
		{E6E7307A-774A-410A-9A09-2643B2BBF42F}.Release|Any CPU.ActiveCfg = Release|Any CPU
		{E6E7307A-774A-410A-9A09-2643B2BBF42F}.Release|Any CPU.Build.0 = Release|Any CPU
	EndGlobalSection
	GlobalSection(SolutionProperties) = preSolution
		HideSolutionNode = FALSE
	EndGlobalSection
	GlobalSection(ExtensibilityGlobals) = postSolution
		SolutionGuid = {E0FC0490-0C20-4D07-B9C6-9D3CFF2A038C}
	EndGlobalSection
EndGlobal
